{
  "id": "com.vatom.emojiswap",
  "name": "Emoji Swap Game",
  "version": "0.0.2",
  "beta": false,
  "pluginType": "Business",
  "description": "A fun emoji scavenger hunt and networking game!",
  "longDescription": "You’ve been bestowed with the power of the emoji &#11088 – your passport to connection and camaraderie. Your mission? Seek out fellow adventurers, armed with their own unique emojis, and embark on an unforgettable journey of discovery! As guests network, meet new friends, exchange tales, and unravel shared interests, they’ll earn points toward a place on the leaderboard! From the mischievous :stuck_out_tongue_winking_eye: to the heartwarming :heart:, every emoji shared deepens your connection and widens your horizons. Get ready to unleash your inner emoji ambassador, and let the adventure of Emoji Trade paint your world with unforgettable connections! :rainbow:",
  "configuration": "None",
  "category": "Fun",
  "businessId": "ym3t3mPi0g",
  "price": 0,
  "releaseNotes": "Update star emoji",
  "entrypoint": "https://plugins.vatom.com/ym3t3mPi0g/4391001938b641c6fb2956819ca1ffd9/plugin.js"
}